# THIS IS AN AUTOGENERATED FILE. DO NOT EDIT THIS FILE DIRECTLY.
# yarn lockfile v1


"@fontsource/roboto@^4.5.3":
  version "4.5.8"
  resolved "https://registry.yarnpkg.com/@fontsource/roboto/-/roboto-4.5.8.tgz#56347764786079838faf43f0eeda22dd7328437f"
  integrity sha512-CnD7zLItIzt86q4Sj3kZUiLcBk1dSk81qcqgMGaZe7SQ1P8hFNxhMl5AZthK1zrDM5m74VVhaOpuMGIL4gagaA==

"@fortawesome/fontawesome-free@^6.2.1":
  version "6.2.1"
  resolved "https://registry.yarnpkg.com/@fortawesome/fontawesome-free/-/fontawesome-free-6.2.1.tgz#344baf6ff9eaad7a73cff067d8c56bfc11ae5304"
  integrity sha512-viouXhegu/TjkvYQoiRZK3aax69dGXxgEjpvZW81wIJdxm5Fnvp3VVIP4VHKqX4SvFw6qpmkILkD4RJWAdrt7A==

active_material@^2.0.0:
  version "2.0.0"
  resolved "https://registry.yarnpkg.com/active_material/-/active_material-2.0.0.tgz#9d9ee40711b30386e37e36f68ece4c0bc1267063"
  integrity sha512-LiYWCN7iJN51feoG5dN1dA5JKQBBk2C9lD02A2m4EOSVC4AUUC8qI4Cnw51swRUN2+dfZBT70UQ3xDFFKcDiZQ==
  dependencies:
    "@fontsource/roboto" "^4.5.3"

arctic_admin@^4.0.2:
  version "4.0.2"
  resolved "https://registry.yarnpkg.com/arctic_admin/-/arctic_admin-4.0.2.tgz#b52bdf66395ff1a757d9c71e590f0728e92cbdd3"
  integrity sha512-q5sV0CQEI3HC5iw3wmaiwK8ysA5V68QFPPeVQdzxITyWRiyWVdSiWeHb2AvCVPyxUkWVn99AsxFYSQJcgEo8nQ==
